// !$*UTF8*$!
{
	archiveVersion = 1;
	classes = {
	};
	objectVersion = 48;
	objects = {

/* Begin PBXBuildFile section */
		87DCAE9A2004CC4A00692DA9 /* AppDelegate.swift in Sources */ = {isa = PBXBuildFile; fileRef = 87DCAE992004CC4A00692DA9 /* AppDelegate.swift */; };
		87DCAE9C2004CC4A00692DA9 /* ViewController.swift in Sources */ = {isa = PBXBuildFile; fileRef = 87DCAE9B2004CC4A00692DA9 /* ViewController.swift */; };
		87DCAE9F2004CC4A00692DA9 /* Main.storyboard in Resources */ = {isa = PBXBuildFile; fileRef = 87DCAE9D2004CC4A00692DA9 /* Main.storyboard */; };
		87DCAEA12004CC4A00692DA9 /* Assets.xcassets in Resources */ = {isa = PBXBuildFile; fileRef = 87DCAEA02004CC4A00692DA9 /* Assets.xcassets */; };
		87DCAEA42004CC4A00692DA9 /* LaunchScreen.storyboard in Resources */ = {isa = PBXBuildFile; fileRef = 87DCAEA22004CC4A00692DA9 /* LaunchScreen.storyboard */; };
		BA5E261F2005267D00346771 /* ShareViewController.swift in Sources */ = {isa = PBXBuildFile; fileRef = BA5E261E2005267D00346771 /* ShareViewController.swift */; };
		BAC101C8201CF6070066367D /* TOCropViewController.m in Sources */ = {isa = PBXBuildFile; fileRef = BAC101C7201CF6060066367D /* TOCropViewController.m */; };
		BAC101CA201CF6230066367D /* CropViewController.swift in Sources */ = {isa = PBXBuildFile; fileRef = BAC101C9201CF6230066367D /* CropViewController.swift */; };
		BAC101D4201CF64E0066367D /* TOCropOverlayView.m in Sources */ = {isa = PBXBuildFile; fileRef = BAC101CD201CF64E0066367D /* TOCropOverlayView.m */; };
		BAC101D5201CF64E0066367D /* TOCropScrollView.m in Sources */ = {isa = PBXBuildFile; fileRef = BAC101CF201CF64E0066367D /* TOCropScrollView.m */; };
		BAC101D6201CF64E0066367D /* TOCropToolbar.m in Sources */ = {isa = PBXBuildFile; fileRef = BAC101D1201CF64E0066367D /* TOCropToolbar.m */; };
		BAC101D7201CF64E0066367D /* TOCropView.m in Sources */ = {isa = PBXBuildFile; fileRef = BAC101D3201CF64E0066367D /* TOCropView.m */; };
		BAC101E1201CF6D50066367D /* TOActivityCroppedImageProvider.m in Sources */ = {isa = PBXBuildFile; fileRef = BAC101DA201CF6D50066367D /* TOActivityCroppedImageProvider.m */; };
		BAC101E2201CF6D50066367D /* TOCroppedImageAttributes.m in Sources */ = {isa = PBXBuildFile; fileRef = BAC101DC201CF6D50066367D /* TOCroppedImageAttributes.m */; };
		BAC101E3201CF6D50066367D /* TOCropViewControllerTransitioning.m in Sources */ = {isa = PBXBuildFile; fileRef = BAC101DE201CF6D50066367D /* TOCropViewControllerTransitioning.m */; };
		BAC101E4201CF6D50066367D /* UIImage+CropRotate.m in Sources */ = {isa = PBXBuildFile; fileRef = BAC101E0201CF6D50066367D /* UIImage+CropRotate.m */; };
		BAFDB4672028ED3700056923 /* DraftCell.swift in Sources */ = {isa = PBXBuildFile; fileRef = BAFDB4652028ED3700056923 /* DraftCell.swift */; };
		BAFDB4682028ED3700056923 /* DraftCell.xib in Resources */ = {isa = PBXBuildFile; fileRef = BAFDB4662028ED3700056923 /* DraftCell.xib */; };
		BAFDB46F2028EF9E00056923 /* UICollectionView+Reusable.swift in Sources */ = {isa = PBXBuildFile; fileRef = BAFDB4692028EF9D00056923 /* UICollectionView+Reusable.swift */; };
		BAFDB4702028EF9E00056923 /* Reusable.swift in Sources */ = {isa = PBXBuildFile; fileRef = BAFDB46A2028EF9D00056923 /* Reusable.swift */; };
		BAFDB4712028EF9E00056923 /* UIView+Constraints.swift in Sources */ = {isa = PBXBuildFile; fileRef = BAFDB46B2028EF9D00056923 /* UIView+Constraints.swift */; };
		BAFDB4722028EF9E00056923 /* BaseRoundedCardCell.swift in Sources */ = {isa = PBXBuildFile; fileRef = BAFDB46C2028EF9D00056923 /* BaseRoundedCardCell.swift */; };
		BAFDB4732028EF9E00056923 /* BaseView.swift in Sources */ = {isa = PBXBuildFile; fileRef = BAFDB46D2028EF9E00056923 /* BaseView.swift */; };
		BAFDB4742028EF9E00056923 /* GradientView.swift in Sources */ = {isa = PBXBuildFile; fileRef = BAFDB46E2028EF9E00056923 /* GradientView.swift */; };
		BAFDB4782028F00600056923 /* DraftViewController.swift in Sources */ = {isa = PBXBuildFile; fileRef = BAFDB4772028F00600056923 /* DraftViewController.swift */; };
/* End PBXBuildFile section */

/* Begin PBXFileReference section */
		87DCAE962004CC4A00692DA9 /* Notes.app */ = {isa = PBXFileReference; explicitFileType = wrapper.application; includeInIndex = 0; path = Notes.app; sourceTree = BUILT_PRODUCTS_DIR; };
		87DCAE992004CC4A00692DA9 /* AppDelegate.swift */ = {isa = PBXFileReference; lastKnownFileType = sourcecode.swift; path = AppDelegate.swift; sourceTree = "<group>"; };
		87DCAE9B2004CC4A00692DA9 /* ViewController.swift */ = {isa = PBXFileReference; lastKnownFileType = sourcecode.swift; path = ViewController.swift; sourceTree = "<group>"; };
		87DCAE9E2004CC4A00692DA9 /* Base */ = {isa = PBXFileReference; lastKnownFileType = file.storyboard; name = Base; path = Base.lproj/Main.storyboard; sourceTree = "<group>"; };
		87DCAEA02004CC4A00692DA9 /* Assets.xcassets */ = {isa = PBXFileReference; lastKnownFileType = folder.assetcatalog; path = Assets.xcassets; sourceTree = "<group>"; };
		87DCAEA32004CC4A00692DA9 /* Base */ = {isa = PBXFileReference; lastKnownFileType = file.storyboard; name = Base; path = Base.lproj/LaunchScreen.storyboard; sourceTree = "<group>"; };
		87DCAEA52004CC4A00692DA9 /* Info.plist */ = {isa = PBXFileReference; lastKnownFileType = text.plist.xml; path = Info.plist; sourceTree = "<group>"; };
		BA5E261E2005267D00346771 /* ShareViewController.swift */ = {isa = PBXFileReference; fileEncoding = 4; lastKnownFileType = sourcecode.swift; path = ShareViewController.swift; sourceTree = "<group>"; };
		BAC101C5201CF6030066367D /* Notes-Bridging-Header.h */ = {isa = PBXFileReference; lastKnownFileType = sourcecode.c.h; path = "Notes-Bridging-Header.h"; sourceTree = "<group>"; };
		BAC101C6201CF6050066367D /* TOCropViewController.h */ = {isa = PBXFileReference; fileEncoding = 4; lastKnownFileType = sourcecode.c.h; path = TOCropViewController.h; sourceTree = "<group>"; };
		BAC101C7201CF6060066367D /* TOCropViewController.m */ = {isa = PBXFileReference; fileEncoding = 4; lastKnownFileType = sourcecode.c.objc; path = TOCropViewController.m; sourceTree = "<group>"; };
		BAC101C9201CF6230066367D /* CropViewController.swift */ = {isa = PBXFileReference; fileEncoding = 4; lastKnownFileType = sourcecode.swift; path = CropViewController.swift; sourceTree = "<group>"; };
		BAC101CC201CF64E0066367D /* TOCropOverlayView.h */ = {isa = PBXFileReference; fileEncoding = 4; lastKnownFileType = sourcecode.c.h; path = TOCropOverlayView.h; sourceTree = "<group>"; };
		BAC101CD201CF64E0066367D /* TOCropOverlayView.m */ = {isa = PBXFileReference; fileEncoding = 4; lastKnownFileType = sourcecode.c.objc; path = TOCropOverlayView.m; sourceTree = "<group>"; };
		BAC101CE201CF64E0066367D /* TOCropScrollView.h */ = {isa = PBXFileReference; fileEncoding = 4; lastKnownFileType = sourcecode.c.h; path = TOCropScrollView.h; sourceTree = "<group>"; };
		BAC101CF201CF64E0066367D /* TOCropScrollView.m */ = {isa = PBXFileReference; fileEncoding = 4; lastKnownFileType = sourcecode.c.objc; path = TOCropScrollView.m; sourceTree = "<group>"; };
		BAC101D0201CF64E0066367D /* TOCropToolbar.h */ = {isa = PBXFileReference; fileEncoding = 4; lastKnownFileType = sourcecode.c.h; path = TOCropToolbar.h; sourceTree = "<group>"; };
		BAC101D1201CF64E0066367D /* TOCropToolbar.m */ = {isa = PBXFileReference; fileEncoding = 4; lastKnownFileType = sourcecode.c.objc; path = TOCropToolbar.m; sourceTree = "<group>"; };
		BAC101D2201CF64E0066367D /* TOCropView.h */ = {isa = PBXFileReference; fileEncoding = 4; lastKnownFileType = sourcecode.c.h; path = TOCropView.h; sourceTree = "<group>"; };
		BAC101D3201CF64E0066367D /* TOCropView.m */ = {isa = PBXFileReference; fileEncoding = 4; lastKnownFileType = sourcecode.c.objc; path = TOCropView.m; sourceTree = "<group>"; };
		BAC101D9201CF6D50066367D /* TOActivityCroppedImageProvider.h */ = {isa = PBXFileReference; fileEncoding = 4; lastKnownFileType = sourcecode.c.h; path = TOActivityCroppedImageProvider.h; sourceTree = "<group>"; };
		BAC101DA201CF6D50066367D /* TOActivityCroppedImageProvider.m */ = {isa = PBXFileReference; fileEncoding = 4; lastKnownFileType = sourcecode.c.objc; path = TOActivityCroppedImageProvider.m; sourceTree = "<group>"; };
		BAC101DB201CF6D50066367D /* TOCroppedImageAttributes.h */ = {isa = PBXFileReference; fileEncoding = 4; lastKnownFileType = sourcecode.c.h; path = TOCroppedImageAttributes.h; sourceTree = "<group>"; };
		BAC101DC201CF6D50066367D /* TOCroppedImageAttributes.m */ = {isa = PBXFileReference; fileEncoding = 4; lastKnownFileType = sourcecode.c.objc; path = TOCroppedImageAttributes.m; sourceTree = "<group>"; };
		BAC101DD201CF6D50066367D /* TOCropViewControllerTransitioning.h */ = {isa = PBXFileReference; fileEncoding = 4; lastKnownFileType = sourcecode.c.h; path = TOCropViewControllerTransitioning.h; sourceTree = "<group>"; };
		BAC101DE201CF6D50066367D /* TOCropViewControllerTransitioning.m */ = {isa = PBXFileReference; fileEncoding = 4; lastKnownFileType = sourcecode.c.objc; path = TOCropViewControllerTransitioning.m; sourceTree = "<group>"; };
		BAC101DF201CF6D50066367D /* UIImage+CropRotate.h */ = {isa = PBXFileReference; fileEncoding = 4; lastKnownFileType = sourcecode.c.h; path = "UIImage+CropRotate.h"; sourceTree = "<group>"; };
		BAC101E0201CF6D50066367D /* UIImage+CropRotate.m */ = {isa = PBXFileReference; fileEncoding = 4; lastKnownFileType = sourcecode.c.objc; path = "UIImage+CropRotate.m"; sourceTree = "<group>"; };
		BAFDB4652028ED3700056923 /* DraftCell.swift */ = {isa = PBXFileReference; lastKnownFileType = sourcecode.swift; path = DraftCell.swift; sourceTree = "<group>"; };
		BAFDB4662028ED3700056923 /* DraftCell.xib */ = {isa = PBXFileReference; lastKnownFileType = file.xib; path = DraftCell.xib; sourceTree = "<group>"; };
		BAFDB4692028EF9D00056923 /* UICollectionView+Reusable.swift */ = {isa = PBXFileReference; fileEncoding = 4; lastKnownFileType = sourcecode.swift; path = "UICollectionView+Reusable.swift"; sourceTree = "<group>"; };
		BAFDB46A2028EF9D00056923 /* Reusable.swift */ = {isa = PBXFileReference; fileEncoding = 4; lastKnownFileType = sourcecode.swift; path = Reusable.swift; sourceTree = "<group>"; };
		BAFDB46B2028EF9D00056923 /* UIView+Constraints.swift */ = {isa = PBXFileReference; fileEncoding = 4; lastKnownFileType = sourcecode.swift; path = "UIView+Constraints.swift"; sourceTree = "<group>"; };
		BAFDB46C2028EF9D00056923 /* BaseRoundedCardCell.swift */ = {isa = PBXFileReference; fileEncoding = 4; lastKnownFileType = sourcecode.swift; path = BaseRoundedCardCell.swift; sourceTree = "<group>"; };
		BAFDB46D2028EF9E00056923 /* BaseView.swift */ = {isa = PBXFileReference; fileEncoding = 4; lastKnownFileType = sourcecode.swift; path = BaseView.swift; sourceTree = "<group>"; };
		BAFDB46E2028EF9E00056923 /* GradientView.swift */ = {isa = PBXFileReference; fileEncoding = 4; lastKnownFileType = sourcecode.swift; path = GradientView.swift; sourceTree = "<group>"; };
		BAFDB4772028F00600056923 /* DraftViewController.swift */ = {isa = PBXFileReference; lastKnownFileType = sourcecode.swift; path = DraftViewController.swift; sourceTree = "<group>"; };
/* End PBXFileReference section */

/* Begin PBXFrameworksBuildPhase section */
		87DCAE932004CC4A00692DA9 /* Frameworks */ = {
			isa = PBXFrameworksBuildPhase;
			buildActionMask = 2147483647;
			files = (
			);
			runOnlyForDeploymentPostprocessing = 0;
		};
/* End PBXFrameworksBuildPhase section */

/* Begin PBXGroup section */
		87DCAE8D2004CC4A00692DA9 = {
			isa = PBXGroup;
			children = (
				87DCAE982004CC4A00692DA9 /* Notes */,
				87DCAE972004CC4A00692DA9 /* Products */,
			);
			sourceTree = "<group>";
		};
		87DCAE972004CC4A00692DA9 /* Products */ = {
			isa = PBXGroup;
			children = (
				87DCAE962004CC4A00692DA9 /* Notes.app */,
			);
			name = Products;
			sourceTree = "<group>";
		};
		87DCAE982004CC4A00692DA9 /* Notes */ = {
			isa = PBXGroup;
			children = (
				BAC101D8201CF6D50066367D /* Models */,
				BAC101CB201CF64E0066367D /* Views */,
				BAC101C6201CF6050066367D /* TOCropViewController.h */,
				BAC101C7201CF6060066367D /* TOCropViewController.m */,
				BAC101C9201CF6230066367D /* CropViewController.swift */,
				87DCAE992004CC4A00692DA9 /* AppDelegate.swift */,
				87DCAE9B2004CC4A00692DA9 /* ViewController.swift */,
				BA5E261E2005267D00346771 /* ShareViewController.swift */,
				87DCAE9D2004CC4A00692DA9 /* Main.storyboard */,
				87DCAEA02004CC4A00692DA9 /* Assets.xcassets */,
				87DCAEA22004CC4A00692DA9 /* LaunchScreen.storyboard */,
				87DCAEA52004CC4A00692DA9 /* Info.plist */,
				BAC101C5201CF6030066367D /* Notes-Bridging-Header.h */,
				BAFDB4652028ED3700056923 /* DraftCell.swift */,
				BAFDB4662028ED3700056923 /* DraftCell.xib */,
				BAFDB4772028F00600056923 /* DraftViewController.swift */,
			);
			path = Notes;
			sourceTree = "<group>";
		};
		BAC101CB201CF64E0066367D /* Views */ = {
			isa = PBXGroup;
			children = (
				BAFDB4762028EFB300056923 /* CustomCell */,
				BAC101CC201CF64E0066367D /* TOCropOverlayView.h */,
				BAC101CD201CF64E0066367D /* TOCropOverlayView.m */,
				BAC101CE201CF64E0066367D /* TOCropScrollView.h */,
				BAC101CF201CF64E0066367D /* TOCropScrollView.m */,
				BAC101D0201CF64E0066367D /* TOCropToolbar.h */,
				BAC101D1201CF64E0066367D /* TOCropToolbar.m */,
				BAC101D2201CF64E0066367D /* TOCropView.h */,
				BAC101D3201CF64E0066367D /* TOCropView.m */,
			);
			path = Views;
			sourceTree = "<group>";
		};
		BAC101D8201CF6D50066367D /* Models */ = {
			isa = PBXGroup;
			children = (
				BAC101D9201CF6D50066367D /* TOActivityCroppedImageProvider.h */,
				BAC101DA201CF6D50066367D /* TOActivityCroppedImageProvider.m */,
				BAC101DB201CF6D50066367D /* TOCroppedImageAttributes.h */,
				BAC101DC201CF6D50066367D /* TOCroppedImageAttributes.m */,
				BAC101DD201CF6D50066367D /* TOCropViewControllerTransitioning.h */,
				BAC101DE201CF6D50066367D /* TOCropViewControllerTransitioning.m */,
				BAC101DF201CF6D50066367D /* UIImage+CropRotate.h */,
				BAC101E0201CF6D50066367D /* UIImage+CropRotate.m */,
			);
			path = Models;
			sourceTree = "<group>";
		};
		BAFDB4762028EFB300056923 /* CustomCell */ = {
			isa = PBXGroup;
			children = (
				BAFDB46C2028EF9D00056923 /* BaseRoundedCardCell.swift */,
				BAFDB46D2028EF9E00056923 /* BaseView.swift */,
				BAFDB46E2028EF9E00056923 /* GradientView.swift */,
				BAFDB46A2028EF9D00056923 /* Reusable.swift */,
				BAFDB4692028EF9D00056923 /* UICollectionView+Reusable.swift */,
				BAFDB46B2028EF9D00056923 /* UIView+Constraints.swift */,
			);
			path = CustomCell;
			sourceTree = "<group>";
		};
/* End PBXGroup section */

/* Begin PBXNativeTarget section */
		87DCAE952004CC4A00692DA9 /* Notes */ = {
			isa = PBXNativeTarget;
			buildConfigurationList = 87DCAEA82004CC4A00692DA9 /* Build configuration list for PBXNativeTarget "Notes" */;
			buildPhases = (
				87DCAE922004CC4A00692DA9 /* Sources */,
				87DCAE932004CC4A00692DA9 /* Frameworks */,
				87DCAE942004CC4A00692DA9 /* Resources */,
			);
			buildRules = (
			);
			dependencies = (
			);
			name = Notes;
			productName = Notes;
			productReference = 87DCAE962004CC4A00692DA9 /* Notes.app */;
			productType = "com.apple.product-type.application";
		};
/* End PBXNativeTarget section */

/* Begin PBXProject section */
		87DCAE8E2004CC4A00692DA9 /* Project object */ = {
			isa = PBXProject;
			attributes = {
				LastSwiftUpdateCheck = 0920;
				LastUpgradeCheck = 0920;
				ORGANIZATIONNAME = "Ganesh Potnuru";
				TargetAttributes = {
					87DCAE952004CC4A00692DA9 = {
						CreatedOnToolsVersion = 9.2;
						LastSwiftMigration = 0920;
						ProvisioningStyle = Automatic;
					};
				};
			};
			buildConfigurationList = 87DCAE912004CC4A00692DA9 /* Build configuration list for PBXProject "Notes" */;
			compatibilityVersion = "Xcode 8.0";
			developmentRegion = en;
			hasScannedForEncodings = 0;
			knownRegions = (
				en,
				Base,
			);
			mainGroup = 87DCAE8D2004CC4A00692DA9;
			productRefGroup = 87DCAE972004CC4A00692DA9 /* Products */;
			projectDirPath = "";
			projectRoot = "";
			targets = (
				87DCAE952004CC4A00692DA9 /* Notes */,
			);
		};
/* End PBXProject section */

/* Begin PBXResourcesBuildPhase section */
		87DCAE942004CC4A00692DA9 /* Resources */ = {
			isa = PBXResourcesBuildPhase;
			buildActionMask = 2147483647;
			files = (
				87DCAEA42004CC4A00692DA9 /* LaunchScreen.storyboard in Resources */,
				87DCAEA12004CC4A00692DA9 /* Assets.xcassets in Resources */,
				87DCAE9F2004CC4A00692DA9 /* Main.storyboard in Resources */,
				BAFDB4682028ED3700056923 /* DraftCell.xib in Resources */,
			);
			runOnlyForDeploymentPostprocessing = 0;
		};
/* End PBXResourcesBuildPhase section */

/* Begin PBXSourcesBuildPhase section */
		87DCAE922004CC4A00692DA9 /* Sources */ = {
			isa = PBXSourcesBuildPhase;
			buildActionMask = 2147483647;
			files = (
				BA5E261F2005267D00346771 /* ShareViewController.swift in Sources */,
				BAFDB4672028ED3700056923 /* DraftCell.swift in Sources */,
				BAFDB4742028EF9E00056923 /* GradientView.swift in Sources */,
				BAC101CA201CF6230066367D /* CropViewController.swift in Sources */,
				BAFDB4782028F00600056923 /* DraftViewController.swift in Sources */,
				BAC101D4201CF64E0066367D /* TOCropOverlayView.m in Sources */,
				BAC101D7201CF64E0066367D /* TOCropView.m in Sources */,
				BAC101E1201CF6D50066367D /* TOActivityCroppedImageProvider.m in Sources */,
				BAFDB4712028EF9E00056923 /* UIView+Constraints.swift in Sources */,
				BAFDB46F2028EF9E00056923 /* UICollectionView+Reusable.swift in Sources */,
				BAFDB4722028EF9E00056923 /* BaseRoundedCardCell.swift in Sources */,
				87DCAE9C2004CC4A00692DA9 /* ViewController.swift in Sources */,
				BAC101E2201CF6D50066367D /* TOCroppedImageAttributes.m in Sources */,
				BAC101D6201CF64E0066367D /* TOCropToolbar.m in Sources */,
				BAC101E4201CF6D50066367D /* UIImage+CropRotate.m in Sources */,
				BAC101D5201CF64E0066367D /* TOCropScrollView.m in Sources */,
				BAFDB4702028EF9E00056923 /* Reusable.swift in Sources */,
				BAC101E3201CF6D50066367D /* TOCropViewControllerTransitioning.m in Sources */,
				BAFDB4732028EF9E00056923 /* BaseView.swift in Sources */,
				87DCAE9A2004CC4A00692DA9 /* AppDelegate.swift in Sources */,
				BAC101C8201CF6070066367D /* TOCropViewController.m in Sources */,
			);
			runOnlyForDeploymentPostprocessing = 0;
		};
/* End PBXSourcesBuildPhase section */

/* Begin PBXVariantGroup section */
		87DCAE9D2004CC4A00692DA9 /* Main.storyboard */ = {
			isa = PBXVariantGroup;
			children = (
				87DCAE9E2004CC4A00692DA9 /* Base */,
			);
			name = Main.storyboard;
			sourceTree = "<group>";
		};
		87DCAEA22004CC4A00692DA9 /* LaunchScreen.storyboard */ = {
			isa = PBXVariantGroup;
			children = (
				87DCAEA32004CC4A00692DA9 /* Base */,
			);
			name = LaunchScreen.storyboard;
			sourceTree = "<group>";
		};
/* End PBXVariantGroup section */

/* Begin XCBuildConfiguration section */
		87DCAEA62004CC4A00692DA9 /* Debug */ = {
			isa = XCBuildConfiguration;
			buildSettings = {
				ALWAYS_SEARCH_USER_PATHS = NO;
				CLANG_ANALYZER_NONNULL = YES;
				CLANG_ANALYZER_NUMBER_OBJECT_CONVERSION = YES_AGGRESSIVE;
				CLANG_CXX_LANGUAGE_STANDARD = "gnu++14";
				CLANG_CXX_LIBRARY = "libc++";
				CLANG_ENABLE_MODULES = YES;
				CLANG_ENABLE_OBJC_ARC = YES;
				CLANG_WARN_BLOCK_CAPTURE_AUTORELEASING = YES;
				CLANG_WARN_BOOL_CONVERSION = YES;
				CLANG_WARN_COMMA = YES;
				CLANG_WARN_CONSTANT_CONVERSION = YES;
				CLANG_WARN_DIRECT_OBJC_ISA_USAGE = YES_ERROR;
				CLANG_WARN_DOCUMENTATION_COMMENTS = YES;
				CLANG_WARN_EMPTY_BODY = YES;
				CLANG_WARN_ENUM_CONVERSION = YES;
				CLANG_WARN_INFINITE_RECURSION = YES;
				CLANG_WARN_INT_CONVERSION = YES;
				CLANG_WARN_NON_LITERAL_NULL_CONVERSION = YES;
				CLANG_WARN_OBJC_LITERAL_CONVERSION = YES;
				CLANG_WARN_OBJC_ROOT_CLASS = YES_ERROR;
				CLANG_WARN_RANGE_LOOP_ANALYSIS = YES;
				CLANG_WARN_STRICT_PROTOTYPES = YES;
				CLANG_WARN_SUSPICIOUS_MOVE = YES;
				CLANG_WARN_UNGUARDED_AVAILABILITY = YES_AGGRESSIVE;
				CLANG_WARN_UNREACHABLE_CODE = YES;
				CLANG_WARN__DUPLICATE_METHOD_MATCH = YES;
				CODE_SIGN_IDENTITY = "iPhone Developer";
				COPY_PHASE_STRIP = NO;
				DEBUG_INFORMATION_FORMAT = dwarf;
				ENABLE_STRICT_OBJC_MSGSEND = YES;
				ENABLE_TESTABILITY = YES;
				GCC_C_LANGUAGE_STANDARD = gnu11;
				GCC_DYNAMIC_NO_PIC = NO;
				GCC_NO_COMMON_BLOCKS = YES;
				GCC_OPTIMIZATION_LEVEL = 0;
				GCC_PREPROCESSOR_DEFINITIONS = (
					"DEBUG=1",
					"$(inherited)",
				);
				GCC_WARN_64_TO_32_BIT_CONVERSION = YES;
				GCC_WARN_ABOUT_RETURN_TYPE = YES_ERROR;
				GCC_WARN_UNDECLARED_SELECTOR = YES;
				GCC_WARN_UNINITIALIZED_AUTOS = YES_AGGRESSIVE;
				GCC_WARN_UNUSED_FUNCTION = YES;
				GCC_WARN_UNUSED_VARIABLE = YES;
				IPHONEOS_DEPLOYMENT_TARGET = 11.0;
				MTL_ENABLE_DEBUG_INFO = YES;
				ONLY_ACTIVE_ARCH = YES;
				SDKROOT = iphoneos;
				SWIFT_ACTIVE_COMPILATION_CONDITIONS = DEBUG;
				SWIFT_OPTIMIZATION_LEVEL = "-Onone";
			};
			name = Debug;
		};
		87DCAEA72004CC4A00692DA9 /* Release */ = {
			isa = XCBuildConfiguration;
			buildSettings = {
				ALWAYS_SEARCH_USER_PATHS = NO;
				CLANG_ANALYZER_NONNULL = YES;
				CLANG_ANALYZER_NUMBER_OBJECT_CONVERSION = YES_AGGRESSIVE;
				CLANG_CXX_LANGUAGE_STANDARD = "gnu++14";
				CLANG_CXX_LIBRARY = "libc++";
				CLANG_ENABLE_MODULES = YES;
				CLANG_ENABLE_OBJC_ARC = YES;
				CLANG_WARN_BLOCK_CAPTURE_AUTORELEASING = YES;
				CLANG_WARN_BOOL_CONVERSION = YES;
				CLANG_WARN_COMMA = YES;
				CLANG_WARN_CONSTANT_CONVERSION = YES;
				CLANG_WARN_DIRECT_OBJC_ISA_USAGE = YES_ERROR;
				CLANG_WARN_DOCUMENTATION_COMMENTS = YES;
				CLANG_WARN_EMPTY_BODY = YES;
				CLANG_WARN_ENUM_CONVERSION = YES;
				CLANG_WARN_INFINITE_RECURSION = YES;
				CLANG_WARN_INT_CONVERSION = YES;
				CLANG_WARN_NON_LITERAL_NULL_CONVERSION = YES;
				CLANG_WARN_OBJC_LITERAL_CONVERSION = YES;
				CLANG_WARN_OBJC_ROOT_CLASS = YES_ERROR;
				CLANG_WARN_RANGE_LOOP_ANALYSIS = YES;
				CLANG_WARN_STRICT_PROTOTYPES = YES;
				CLANG_WARN_SUSPICIOUS_MOVE = YES;
				CLANG_WARN_UNGUARDED_AVAILABILITY = YES_AGGRESSIVE;
				CLANG_WARN_UNREACHABLE_CODE = YES;
				CLANG_WARN__DUPLICATE_METHOD_MATCH = YES;
				CODE_SIGN_IDENTITY = "iPhone Developer";
				COPY_PHASE_STRIP = NO;
				DEBUG_INFORMATION_FORMAT = "dwarf-with-dsym";
				ENABLE_NS_ASSERTIONS = NO;
				ENABLE_STRICT_OBJC_MSGSEND = YES;
				GCC_C_LANGUAGE_STANDARD = gnu11;
				GCC_NO_COMMON_BLOCKS = YES;
				GCC_WARN_64_TO_32_BIT_CONVERSION = YES;
				GCC_WARN_ABOUT_RETURN_TYPE = YES_ERROR;
				GCC_WARN_UNDECLARED_SELECTOR = YES;
				GCC_WARN_UNINITIALIZED_AUTOS = YES_AGGRESSIVE;
				GCC_WARN_UNUSED_FUNCTION = YES;
				GCC_WARN_UNUSED_VARIABLE = YES;
				IPHONEOS_DEPLOYMENT_TARGET = 11.0;
				MTL_ENABLE_DEBUG_INFO = NO;
				SDKROOT = iphoneos;
				SWIFT_OPTIMIZATION_LEVEL = "-Owholemodule";
				VALIDATE_PRODUCT = YES;
			};
			name = Release;
		};
		87DCAEA92004CC4A00692DA9 /* Debug */ = {
			isa = XCBuildConfiguration;
			buildSettings = {
				ASSETCATALOG_COMPILER_APPICON_NAME = AppIcon;
				CLANG_ENABLE_MODULES = YES;
				"CODE_SIGN_IDENTITY[sdk=iphoneos*]" = "iPhone Developer";
				CODE_SIGN_STYLE = Automatic;
				DEVELOPMENT_TEAM = 2VSK93MXYV;
				INFOPLIST_FILE = Notes/Info.plist;
				IPHONEOS_DEPLOYMENT_TARGET = 11.0;
				LD_RUNPATH_SEARCH_PATHS = "$(inherited) @executable_path/Frameworks";
				PRODUCT_BUNDLE_IDENTIFIER = com.akshay.test;
				PRODUCT_NAME = "$(TARGET_NAME)";
				PROVISIONING_PROFILE = "";
				PROVISIONING_PROFILE_SPECIFIER = "";
				SWIFT_OBJC_BRIDGING_HEADER = "Notes/Notes-Bridging-Header.h";
				SWIFT_OPTIMIZATION_LEVEL = "-Onone";
				SWIFT_VERSION = 4.0;
				TARGETED_DEVICE_FAMILY = "1,2";
			};
			name = Debug;
		};
		87DCAEAA2004CC4A00692DA9 /* Release */ = {
			isa = XCBuildConfiguration;
			buildSettings = {
				ASSETCATALOG_COMPILER_APPICON_NAME = AppIcon;
				CLANG_ENABLE_MODULES = YES;
				"CODE_SIGN_IDENTITY[sdk=iphoneos*]" = "iPhone Developer";
				CODE_SIGN_STYLE = Automatic;
				DEVELOPMENT_TEAM = 2VSK93MXYV;
				INFOPLIST_FILE = Notes/Info.plist;
				IPHONEOS_DEPLOYMENT_TARGET = 11.0;
				LD_RUNPATH_SEARCH_PATHS = "$(inherited) @executable_path/Frameworks";
				PRODUCT_BUNDLE_IDENTIFIER = com.akshay.test;
				PRODUCT_NAME = "$(TARGET_NAME)";
				PROVISIONING_PROFILE_SPECIFIER = "";
				SWIFT_OBJC_BRIDGING_HEADER = "Notes/Notes-Bridging-Header.h";
				SWIFT_VERSION = 4.0;
				TARGETED_DEVICE_FAMILY = "1,2";
			};
			name = Release;
		};
/* End XCBuildConfiguration section */

/* Begin XCConfigurationList section */
		87DCAE912004CC4A00692DA9 /* Build configuration list for PBXProject "Notes" */ = {
			isa = XCConfigurationList;
			buildConfigurations = (
				87DCAEA62004CC4A00692DA9 /* Debug */,
				87DCAEA72004CC4A00692DA9 /* Release */,
			);
			defaultConfigurationIsVisible = 0;
			defaultConfigurationName = Release;
		};
		87DCAEA82004CC4A00692DA9 /* Build configuration list for PBXNativeTarget "Notes" */ = {
			isa = XCConfigurationList;
			buildConfigurations = (
				87DCAEA92004CC4A00692DA9 /* Debug */,
				87DCAEAA2004CC4A00692DA9 /* Release */,
			);
			defaultConfigurationIsVisible = 0;
			defaultConfigurationName = Release;
		};
/* End XCConfigurationList section */
	};
	rootObject = 87DCAE8E2004CC4A00692DA9 /* Project object */;
}
